
Microsoft Visual Studio Solution File, Format Version 12.00
# Visual Studio Version 16
VisualStudioVersion = 16.0.30523.141
MinimumVisualStudioVersion = 10.0.40219.1
Project("{FAE04EC0-301F-11D3-BF4B-00C04F79EFBC}") = "Task1", "Task1\Task1.csproj", "{9C6F3156-7CC2-48EA-A899-79870694E20A}"
EndProject
Project("{FAE04EC0-301F-11D3-BF4B-00C04F79EFBC}") = "Task2", "Task2\Task2.csproj", "{D3007309-63EF-414C-BA2D-04A63B8BE202}"
EndProject
Project("{FAE04EC0-301F-11D3-BF4B-00C04F79EFBC}") = "Task3", "Task3\Task3.csproj", "{013AA118-2AE7-4D03-B76D-4F992E4CA67E}"
EndProject
Global
	GlobalSection(SolutionConfigurationPlatforms) = preSolution
		Debug|Any CPU = Debug|Any CPU
		Release|Any CPU = Release|Any CPU
	EndGlobalSection
	GlobalSection(ProjectConfigurationPlatforms) = postSolution
		{9C6F3156-7CC2-48EA-A899-79870694E20A}.Debug|Any CPU.ActiveCfg = Debug|Any CPU
		{9C6F3156-7CC2-48EA-A899-79870694E20A}.Debug|Any CPU.Build.0 = Debug|Any CPU
		{9C6F3156-7CC2-48EA-A899-79870694E20A}.Release|Any CPU.ActiveCfg = Release|Any CPU
		{9C6F3156-7CC2-48EA-A899-79870694E20A}.Release|Any CPU.Build.0 = Release|Any CPU
		{D3007309-63EF-414C-BA2D-04A63B8BE202}.Debug|Any CPU.ActiveCfg = Debug|Any CPU
		{D3007309-63EF-414C-BA2D-04A63B8BE202}.Debug|Any CPU.Build.0 = Debug|Any CPU
		{D3007309-63EF-414C-BA2D-04A63B8BE202}.Release|Any CPU.ActiveCfg = Release|Any CPU
		{D3007309-63EF-414C-BA2D-04A63B8BE202}.Release|Any CPU.Build.0 = Release|Any CPU
		{013AA118-2AE7-4D03-B76D-4F992E4CA67E}.Debug|Any CPU.ActiveCfg = Debug|Any CPU
		{013AA118-2AE7-4D03-B76D-4F992E4CA67E}.Debug|Any CPU.Build.0 = Debug|Any CPU
		{013AA118-2AE7-4D03-B76D-4F992E4CA67E}.Release|Any CPU.ActiveCfg = Release|Any CPU
		{013AA118-2AE7-4D03-B76D-4F992E4CA67E}.Release|Any CPU.Build.0 = Release|Any CPU
	EndGlobalSection
	GlobalSection(SolutionProperties) = preSolution
		HideSolutionNode = FALSE
	EndGlobalSection
	GlobalSection(ExtensibilityGlobals) = postSolution
		SolutionGuid = {9A03688F-0324-41A4-A267-7DE3E024A376}
	EndGlobalSection
EndGlobal
